
Microsoft Visual Studio Solution File, Format Version 12.00
# Visual Studio Version 16
VisualStudioVersion = 16.0.29709.97
MinimumVisualStudioVersion = 10.0.40219.1
Project("{FAE04EC0-301F-11D3-BF4B-00C04F79EFBC}") = "CS526-LobbyServer", "CS526-LobbyServer.csproj", "{4B5C1E3A-9B1F-46F3-B127-1D2CBF7478AC}"
EndProject
Global
	GlobalSection(SolutionConfigurationPlatforms) = preSolution
		Debug|Any CPU = Debug|Any CPU
		Release|Any CPU = Release|Any CPU
	EndGlobalSection
	GlobalSection(ProjectConfigurationPlatforms) = postSolution
		{4B5C1E3A-9B1F-46F3-B127-1D2CBF7478AC}.Debug|Any CPU.ActiveCfg = Debug|Any CPU
		{4B5C1E3A-9B1F-46F3-B127-1D2CBF7478AC}.Debug|Any CPU.Build.0 = Debug|Any CPU
		{4B5C1E3A-9B1F-46F3-B127-1D2CBF7478AC}.Release|Any CPU.ActiveCfg = Release|Any CPU
		{4B5C1E3A-9B1F-46F3-B127-1D2CBF7478AC}.Release|Any CPU.Build.0 = Release|Any CPU
	EndGlobalSection
	GlobalSection(SolutionProperties) = preSolution
		HideSolutionNode = FALSE
	EndGlobalSection
	GlobalSection(ExtensibilityGlobals) = postSolution
		SolutionGuid = {5C0C5D9B-E38C-4112-921C-B871A104821B}
	EndGlobalSection
EndGlobal
